
Microsoft Visual Studio Solution File, Format Version 12.00
# Visual Studio 15
VisualStudioVersion = 15.0.26403.3
MinimumVisualStudioVersion = 10.0.40219.1
Project("{2150E333-8FDC-42A3-9474-1A3956D46DE8}") = "01-Arquivos Externos", "01-Arquivos Externos", "{09A9E765-F933-4728-A288-EC453314192D}"
EndProject
Project("{2150E333-8FDC-42A3-9474-1A3956D46DE8}") = "01-Banco de Dados", "01-Banco de Dados", "{2D5DD32F-E563-470F-94E9-D1451D5A6DDE}"
EndProject
Project("{2150E333-8FDC-42A3-9474-1A3956D46DE8}") = "01-Projeto", "01-Projeto", "{C59C76A6-88A8-4963-8EBF-9F0A46053C36}"
EndProject
Project("{2150E333-8FDC-42A3-9474-1A3956D46DE8}") = "02-Temporario", "02-Temporario", "{2C8DCA07-F30C-47E6-9110-0A9303685815}"
EndProject
Project("{2150E333-8FDC-42A3-9474-1A3956D46DE8}") = ".NET Framework 4.5.2", ".NET Framework 4.5.2", "{C7792814-01D5-4903-8595-F35CEB18C286}"
EndProject
Project("{00D1A9C2-B5F0-4AF3-8072-F6C62B433612}") = "BancoModelo", "BancoModelo\BancoModelo.sqlproj", "{0E6517D3-21DB-4C39-AA8B-CB909B6E76A7}"
EndProject
Project("{FAE04EC0-301F-11D3-BF4B-00C04F79EFBC}") = "BancoModeloTest", "BancoModeloTest\BancoModeloTest.csproj", "{98C32D93-0F48-486D-9275-C2FE19865684}"
EndProject
Project("{2150E333-8FDC-42A3-9474-1A3956D46DE8}") = ".NETCoreApp 1.1", ".NETCoreApp 1.1", "{E050E448-D84E-46C2-8FF7-05DD87B43E7E}"
EndProject
Global
	GlobalSection(SolutionConfigurationPlatforms) = preSolution
		Debug|Any CPU = Debug|Any CPU
		Release|Any CPU = Release|Any CPU
	EndGlobalSection
	GlobalSection(ProjectConfigurationPlatforms) = postSolution
		{0E6517D3-21DB-4C39-AA8B-CB909B6E76A7}.Debug|Any CPU.ActiveCfg = Debug|Any CPU
		{0E6517D3-21DB-4C39-AA8B-CB909B6E76A7}.Debug|Any CPU.Build.0 = Debug|Any CPU
		{0E6517D3-21DB-4C39-AA8B-CB909B6E76A7}.Debug|Any CPU.Deploy.0 = Debug|Any CPU
		{0E6517D3-21DB-4C39-AA8B-CB909B6E76A7}.Release|Any CPU.ActiveCfg = Release|Any CPU
		{0E6517D3-21DB-4C39-AA8B-CB909B6E76A7}.Release|Any CPU.Build.0 = Release|Any CPU
		{0E6517D3-21DB-4C39-AA8B-CB909B6E76A7}.Release|Any CPU.Deploy.0 = Release|Any CPU
		{98C32D93-0F48-486D-9275-C2FE19865684}.Debug|Any CPU.ActiveCfg = Debug|Any CPU
		{98C32D93-0F48-486D-9275-C2FE19865684}.Debug|Any CPU.Build.0 = Debug|Any CPU
		{98C32D93-0F48-486D-9275-C2FE19865684}.Release|Any CPU.ActiveCfg = Release|Any CPU
		{98C32D93-0F48-486D-9275-C2FE19865684}.Release|Any CPU.Build.0 = Release|Any CPU
	EndGlobalSection
	GlobalSection(SolutionProperties) = preSolution
		HideSolutionNode = FALSE
	EndGlobalSection
	GlobalSection(NestedProjects) = preSolution
		{2D5DD32F-E563-470F-94E9-D1451D5A6DDE} = {09A9E765-F933-4728-A288-EC453314192D}
		{C59C76A6-88A8-4963-8EBF-9F0A46053C36} = {2D5DD32F-E563-470F-94E9-D1451D5A6DDE}
		{2C8DCA07-F30C-47E6-9110-0A9303685815} = {2D5DD32F-E563-470F-94E9-D1451D5A6DDE}
		{C7792814-01D5-4903-8595-F35CEB18C286} = {C59C76A6-88A8-4963-8EBF-9F0A46053C36}
		{0E6517D3-21DB-4C39-AA8B-CB909B6E76A7} = {C7792814-01D5-4903-8595-F35CEB18C286}
		{98C32D93-0F48-486D-9275-C2FE19865684} = {E050E448-D84E-46C2-8FF7-05DD87B43E7E}
		{E050E448-D84E-46C2-8FF7-05DD87B43E7E} = {2C8DCA07-F30C-47E6-9110-0A9303685815}
	EndGlobalSection
EndGlobal
